// !$*UTF8*$!
{
	archiveVersion = 1;
	classes = {
	};
	objectVersion = 77;
	objects = {

/* Begin PBXBuildFile section */
		A5ED62472D9D482F00A0B4A4 /* DoomDeviceActivityReport.appex in Embed ExtensionKit Extensions */ = {isa = PBXBuildFile; fileRef = A5ED623B2D9D482F00A0B4A4 /* DoomDeviceActivityReport.appex */; settings = {ATTRIBUTES = (RemoveHeadersOnCopy, ); }; };
/* End PBXBuildFile section */

/* Begin PBXContainerItemProxy section */
		A5ED61912D99361400A0B4A4 /* PBXContainerItemProxy */ = {
			isa = PBXContainerItemProxy;
			containerPortal = A5ED61782D99361200A0B4A4 /* Project object */;
			proxyType = 1;
			remoteGlobalIDString = A5ED617F2D99361200A0B4A4;
			remoteInfo = Doom;
		};
		A5ED619B2D99361400A0B4A4 /* PBXContainerItemProxy */ = {
			isa = PBXContainerItemProxy;
			containerPortal = A5ED61782D99361200A0B4A4 /* Project object */;
			proxyType = 1;
			remoteGlobalIDString = A5ED617F2D99361200A0B4A4;
			remoteInfo = Doom;
		};
		A5ED62452D9D482F00A0B4A4 /* PBXContainerItemProxy */ = {
			isa = PBXContainerItemProxy;
			containerPortal = A5ED61782D99361200A0B4A4 /* Project object */;
			proxyType = 1;
			remoteGlobalIDString = A5ED623A2D9D482E00A0B4A4;
			remoteInfo = DoomDeviceActivityReport;
		};
/* End PBXContainerItemProxy section */

/* Begin PBXCopyFilesBuildPhase section */
		A5ED624C2D9D482F00A0B4A4 /* Embed ExtensionKit Extensions */ = {
			isa = PBXCopyFilesBuildPhase;
			buildActionMask = 2147483647;
			dstPath = "$(EXTENSIONS_FOLDER_PATH)";
			dstSubfolderSpec = 16;
			files = (
				A5ED62472D9D482F00A0B4A4 /* DoomDeviceActivityReport.appex in Embed ExtensionKit Extensions */,
			);
			name = "Embed ExtensionKit Extensions";
			runOnlyForDeploymentPostprocessing = 0;
		};
/* End PBXCopyFilesBuildPhase section */

/* Begin PBXFileReference section */
		A5ED61802D99361200A0B4A4 /* Doom.app */ = {isa = PBXFileReference; explicitFileType = wrapper.application; includeInIndex = 0; path = Doom.app; sourceTree = BUILT_PRODUCTS_DIR; };
		A5ED61902D99361400A0B4A4 /* DoomTests.xctest */ = {isa = PBXFileReference; explicitFileType = wrapper.cfbundle; includeInIndex = 0; path = DoomTests.xctest; sourceTree = BUILT_PRODUCTS_DIR; };
		A5ED619A2D99361400A0B4A4 /* DoomUITests.xctest */ = {isa = PBXFileReference; explicitFileType = wrapper.cfbundle; includeInIndex = 0; path = DoomUITests.xctest; sourceTree = BUILT_PRODUCTS_DIR; };
		A5ED623B2D9D482F00A0B4A4 /* DoomDeviceActivityReport.appex */ = {isa = PBXFileReference; explicitFileType = "wrapper.extensionkit-extension"; includeInIndex = 0; path = DoomDeviceActivityReport.appex; sourceTree = BUILT_PRODUCTS_DIR; };
/* End PBXFileReference section */

/* Begin PBXFileSystemSynchronizedBuildFileExceptionSet section */
		A5ED62482D9D482F00A0B4A4 /* Exceptions for "DoomDeviceActivityReport" folder in "DoomDeviceActivityReport" target */ = {
			isa = PBXFileSystemSynchronizedBuildFileExceptionSet;
			membershipExceptions = (
				Info.plist,
			);
			target = A5ED623A2D9D482E00A0B4A4 /* DoomDeviceActivityReport */;
		};
/* End PBXFileSystemSynchronizedBuildFileExceptionSet section */

/* Begin PBXFileSystemSynchronizedRootGroup section */
		A5ED61822D99361200A0B4A4 /* Doom */ = {
			isa = PBXFileSystemSynchronizedRootGroup;
			path = Doom;
			sourceTree = "<group>";
		};
		A5ED61932D99361400A0B4A4 /* DoomTests */ = {
			isa = PBXFileSystemSynchronizedRootGroup;
			path = DoomTests;
			sourceTree = "<group>";
		};
		A5ED619D2D99361400A0B4A4 /* DoomUITests */ = {
			isa = PBXFileSystemSynchronizedRootGroup;
			path = DoomUITests;
			sourceTree = "<group>";
		};
		A5ED623C2D9D482F00A0B4A4 /* DoomDeviceActivityReport */ = {
			isa = PBXFileSystemSynchronizedRootGroup;
			exceptions = (
				A5ED62482D9D482F00A0B4A4 /* Exceptions for "DoomDeviceActivityReport" folder in "DoomDeviceActivityReport" target */,
			);
			path = DoomDeviceActivityReport;
			sourceTree = "<group>";
		};
/* End PBXFileSystemSynchronizedRootGroup section */

/* Begin PBXFrameworksBuildPhase section */
		A5ED617D2D99361200A0B4A4 /* Frameworks */ = {
			isa = PBXFrameworksBuildPhase;
			buildActionMask = 2147483647;
			files = (
			);
			runOnlyForDeploymentPostprocessing = 0;
		};
		A5ED618D2D99361400A0B4A4 /* Frameworks */ = {
			isa = PBXFrameworksBuildPhase;
			buildActionMask = 2147483647;
			files = (
			);
			runOnlyForDeploymentPostprocessing = 0;
		};
		A5ED61972D99361400A0B4A4 /* Frameworks */ = {
			isa = PBXFrameworksBuildPhase;
			buildActionMask = 2147483647;
			files = (
			);
			runOnlyForDeploymentPostprocessing = 0;
		};
		A5ED62382D9D482E00A0B4A4 /* Frameworks */ = {
			isa = PBXFrameworksBuildPhase;
			buildActionMask = 2147483647;
			files = (
			);
			runOnlyForDeploymentPostprocessing = 0;
		};
/* End PBXFrameworksBuildPhase section */

/* Begin PBXGroup section */
		A5ED61772D99361200A0B4A4 = {
			isa = PBXGroup;
			children = (
				A5ED61822D99361200A0B4A4 /* Doom */,
				A5ED61932D99361400A0B4A4 /* DoomTests */,
				A5ED619D2D99361400A0B4A4 /* DoomUITests */,
				A5ED623C2D9D482F00A0B4A4 /* DoomDeviceActivityReport */,
				A5ED61812D99361200A0B4A4 /* Products */,
			);
			sourceTree = "<group>";
		};
		A5ED61812D99361200A0B4A4 /* Products */ = {
			isa = PBXGroup;
			children = (
				A5ED61802D99361200A0B4A4 /* Doom.app */,
				A5ED61902D99361400A0B4A4 /* DoomTests.xctest */,
				A5ED619A2D99361400A0B4A4 /* DoomUITests.xctest */,
				A5ED623B2D9D482F00A0B4A4 /* DoomDeviceActivityReport.appex */,
			);
			name = Products;
			sourceTree = "<group>";
		};
/* End PBXGroup section */

/* Begin PBXNativeTarget section */
		A5ED617F2D99361200A0B4A4 /* Doom */ = {
			isa = PBXNativeTarget;
			buildConfigurationList = A5ED61A42D99361400A0B4A4 /* Build configuration list for PBXNativeTarget "Doom" */;
			buildPhases = (
				A5ED617C2D99361200A0B4A4 /* Sources */,
				A5ED617D2D99361200A0B4A4 /* Frameworks */,
				A5ED617E2D99361200A0B4A4 /* Resources */,
				A5ED624C2D9D482F00A0B4A4 /* Embed ExtensionKit Extensions */,
			);
			buildRules = (
			);
			dependencies = (
				A5ED62462D9D482F00A0B4A4 /* PBXTargetDependency */,
			);
			fileSystemSynchronizedGroups = (
				A5ED61822D99361200A0B4A4 /* Doom */,
			);
			name = Doom;
			packageProductDependencies = (
			);
			productName = Doom;
			productReference = A5ED61802D99361200A0B4A4 /* Doom.app */;
			productType = "com.apple.product-type.application";
		};
		A5ED618F2D99361400A0B4A4 /* DoomTests */ = {
			isa = PBXNativeTarget;
			buildConfigurationList = A5ED61A72D99361400A0B4A4 /* Build configuration list for PBXNativeTarget "DoomTests" */;
			buildPhases = (
				A5ED618C2D99361400A0B4A4 /* Sources */,
				A5ED618D2D99361400A0B4A4 /* Frameworks */,
				A5ED618E2D99361400A0B4A4 /* Resources */,
			);
			buildRules = (
			);
			dependencies = (
				A5ED61922D99361400A0B4A4 /* PBXTargetDependency */,
			);
			fileSystemSynchronizedGroups = (
				A5ED61932D99361400A0B4A4 /* DoomTests */,
			);
			name = DoomTests;
			packageProductDependencies = (
			);
			productName = DoomTests;
			productReference = A5ED61902D99361400A0B4A4 /* DoomTests.xctest */;
			productType = "com.apple.product-type.bundle.unit-test";
		};
		A5ED61992D99361400A0B4A4 /* DoomUITests */ = {
			isa = PBXNativeTarget;
			buildConfigurationList = A5ED61AA2D99361400A0B4A4 /* Build configuration list for PBXNativeTarget "DoomUITests" */;
			buildPhases = (
				A5ED61962D99361400A0B4A4 /* Sources */,
				A5ED61972D99361400A0B4A4 /* Frameworks */,
				A5ED61982D99361400A0B4A4 /* Resources */,
			);
			buildRules = (
			);
			dependencies = (
				A5ED619C2D99361400A0B4A4 /* PBXTargetDependency */,
			);
			fileSystemSynchronizedGroups = (
				A5ED619D2D99361400A0B4A4 /* DoomUITests */,
			);
			name = DoomUITests;
			packageProductDependencies = (
			);
			productName = DoomUITests;
			productReference = A5ED619A2D99361400A0B4A4 /* DoomUITests.xctest */;
			productType = "com.apple.product-type.bundle.ui-testing";
		};
		A5ED623A2D9D482E00A0B4A4 /* DoomDeviceActivityReport */ = {
			isa = PBXNativeTarget;
			buildConfigurationList = A5ED62492D9D482F00A0B4A4 /* Build configuration list for PBXNativeTarget "DoomDeviceActivityReport" */;
			buildPhases = (
				A5ED62372D9D482E00A0B4A4 /* Sources */,
				A5ED62382D9D482E00A0B4A4 /* Frameworks */,
				A5ED62392D9D482E00A0B4A4 /* Resources */,
			);
			buildRules = (
			);
			dependencies = (
			);
			fileSystemSynchronizedGroups = (
				A5ED623C2D9D482F00A0B4A4 /* DoomDeviceActivityReport */,
			);
			name = DoomDeviceActivityReport;
			packageProductDependencies = (
			);
			productName = DoomDeviceActivityReport;
			productReference = A5ED623B2D9D482F00A0B4A4 /* DoomDeviceActivityReport.appex */;
			productType = "com.apple.product-type.extensionkit-extension";
		};
/* End PBXNativeTarget section */

/* Begin PBXProject section */
		A5ED61782D99361200A0B4A4 /* Project object */ = {
			isa = PBXProject;
			attributes = {
				BuildIndependentTargetsInParallel = 1;
				LastSwiftUpdateCheck = 1620;
				LastUpgradeCheck = 1620;
				TargetAttributes = {
					A5ED617F2D99361200A0B4A4 = {
						CreatedOnToolsVersion = 16.2;
					};
					A5ED618F2D99361400A0B4A4 = {
						CreatedOnToolsVersion = 16.2;
						TestTargetID = A5ED617F2D99361200A0B4A4;
					};
					A5ED61992D99361400A0B4A4 = {
						CreatedOnToolsVersion = 16.2;
						TestTargetID = A5ED617F2D99361200A0B4A4;
					};
					A5ED623A2D9D482E00A0B4A4 = {
						CreatedOnToolsVersion = 16.2;
					};
				};
			};
			buildConfigurationList = A5ED617B2D99361200A0B4A4 /* Build configuration list for PBXProject "Doom" */;
			developmentRegion = en;
			hasScannedForEncodings = 0;
			knownRegions = (
				en,
				Base,
			);
			mainGroup = A5ED61772D99361200A0B4A4;
			minimizedProjectReferenceProxies = 1;
			preferredProjectObjectVersion = 77;
			productRefGroup = A5ED61812D99361200A0B4A4 /* Products */;
			projectDirPath = "";
			projectRoot = "";
			targets = (
				A5ED617F2D99361200A0B4A4 /* Doom */,
				A5ED618F2D99361400A0B4A4 /* DoomTests */,
				A5ED61992D99361400A0B4A4 /* DoomUITests */,
				A5ED623A2D9D482E00A0B4A4 /* DoomDeviceActivityReport */,
			);
		};
/* End PBXProject section */

/* Begin PBXResourcesBuildPhase section */
		A5ED617E2D99361200A0B4A4 /* Resources */ = {
			isa = PBXResourcesBuildPhase;
			buildActionMask = 2147483647;
			files = (
			);
			runOnlyForDeploymentPostprocessing = 0;
		};
		A5ED618E2D99361400A0B4A4 /* Resources */ = {
			isa = PBXResourcesBuildPhase;
			buildActionMask = 2147483647;
			files = (
			);
			runOnlyForDeploymentPostprocessing = 0;
		};
		A5ED61982D99361400A0B4A4 /* Resources */ = {
			isa = PBXResourcesBuildPhase;
			buildActionMask = 2147483647;
			files = (
			);
			runOnlyForDeploymentPostprocessing = 0;
		};
		A5ED62392D9D482E00A0B4A4 /* Resources */ = {
			isa = PBXResourcesBuildPhase;
			buildActionMask = 2147483647;
			files = (
			);
			runOnlyForDeploymentPostprocessing = 0;
		};
/* End PBXResourcesBuildPhase section */

/* Begin PBXSourcesBuildPhase section */
		A5ED617C2D99361200A0B4A4 /* Sources */ = {
			isa = PBXSourcesBuildPhase;
			buildActionMask = 2147483647;
			files = (
			);
			runOnlyForDeploymentPostprocessing = 0;
		};
		A5ED618C2D99361400A0B4A4 /* Sources */ = {
			isa = PBXSourcesBuildPhase;
			buildActionMask = 2147483647;
			files = (
			);
			runOnlyForDeploymentPostprocessing = 0;
		};
		A5ED61962D99361400A0B4A4 /* Sources */ = {
			isa = PBXSourcesBuildPhase;
			buildActionMask = 2147483647;
			files = (
			);
			runOnlyForDeploymentPostprocessing = 0;
		};
		A5ED62372D9D482E00A0B4A4 /* Sources */ = {
			isa = PBXSourcesBuildPhase;
			buildActionMask = 2147483647;
			files = (
			);
			runOnlyForDeploymentPostprocessing = 0;
		};
/* End PBXSourcesBuildPhase section */

/* Begin PBXTargetDependency section */
		A5ED61922D99361400A0B4A4 /* PBXTargetDependency */ = {
			isa = PBXTargetDependency;
			target = A5ED617F2D99361200A0B4A4 /* Doom */;
			targetProxy = A5ED61912D99361400A0B4A4 /* PBXContainerItemProxy */;
		};
		A5ED619C2D99361400A0B4A4 /* PBXTargetDependency */ = {
			isa = PBXTargetDependency;
			target = A5ED617F2D99361200A0B4A4 /* Doom */;
			targetProxy = A5ED619B2D99361400A0B4A4 /* PBXContainerItemProxy */;
		};
		A5ED62462D9D482F00A0B4A4 /* PBXTargetDependency */ = {
			isa = PBXTargetDependency;
			target = A5ED623A2D9D482E00A0B4A4 /* DoomDeviceActivityReport */;
			targetProxy = A5ED62452D9D482F00A0B4A4 /* PBXContainerItemProxy */;
		};
/* End PBXTargetDependency section */

/* Begin XCBuildConfiguration section */
		A5ED61A22D99361400A0B4A4 /* Debug */ = {
			isa = XCBuildConfiguration;
			buildSettings = {
				ALWAYS_SEARCH_USER_PATHS = NO;
				ASSETCATALOG_COMPILER_GENERATE_SWIFT_ASSET_SYMBOL_EXTENSIONS = YES;
				CLANG_ANALYZER_NONNULL = YES;
				CLANG_ANALYZER_NUMBER_OBJECT_CONVERSION = YES_AGGRESSIVE;
				CLANG_CXX_LANGUAGE_STANDARD = "gnu++20";
				CLANG_ENABLE_MODULES = YES;
				CLANG_ENABLE_OBJC_ARC = YES;
				CLANG_ENABLE_OBJC_WEAK = YES;
				CLANG_WARN_BLOCK_CAPTURE_AUTORELEASING = YES;
				CLANG_WARN_BOOL_CONVERSION = YES;
				CLANG_WARN_COMMA = YES;
				CLANG_WARN_CONSTANT_CONVERSION = YES;
				CLANG_WARN_DEPRECATED_OBJC_IMPLEMENTATIONS = YES;
				CLANG_WARN_DIRECT_OBJC_ISA_USAGE = YES_ERROR;
				CLANG_WARN_DOCUMENTATION_COMMENTS = YES;
				CLANG_WARN_EMPTY_BODY = YES;
				CLANG_WARN_ENUM_CONVERSION = YES;
				CLANG_WARN_INFINITE_RECURSION = YES;
				CLANG_WARN_INT_CONVERSION = YES;
				CLANG_WARN_NON_LITERAL_NULL_CONVERSION = YES;
				CLANG_WARN_OBJC_IMPLICIT_RETAIN_SELF = YES;
				CLANG_WARN_OBJC_LITERAL_CONVERSION = YES;
				CLANG_WARN_OBJC_ROOT_CLASS = YES_ERROR;
				CLANG_WARN_QUOTED_INCLUDE_IN_FRAMEWORK_HEADER = YES;
				CLANG_WARN_RANGE_LOOP_ANALYSIS = YES;
				CLANG_WARN_STRICT_PROTOTYPES = YES;
				CLANG_WARN_SUSPICIOUS_MOVE = YES;
				CLANG_WARN_UNGUARDED_AVAILABILITY = YES_AGGRESSIVE;
				CLANG_WARN_UNREACHABLE_CODE = YES;
				CLANG_WARN__DUPLICATE_METHOD_MATCH = YES;
				COPY_PHASE_STRIP = NO;
				DEBUG_INFORMATION_FORMAT = dwarf;
				ENABLE_STRICT_OBJC_MSGSEND = YES;
				ENABLE_TESTABILITY = YES;
				ENABLE_USER_SCRIPT_SANDBOXING = YES;
				GCC_C_LANGUAGE_STANDARD = gnu17;
				GCC_DYNAMIC_NO_PIC = NO;
				GCC_NO_COMMON_BLOCKS = YES;
				GCC_OPTIMIZATION_LEVEL = 0;
				GCC_PREPROCESSOR_DEFINITIONS = (
					"DEBUG=1",
					"$(inherited)",
				);
				GCC_WARN_64_TO_32_BIT_CONVERSION = YES;
				GCC_WARN_ABOUT_RETURN_TYPE = YES_ERROR;
				GCC_WARN_UNDECLARED_SELECTOR = YES;
				GCC_WARN_UNINITIALIZED_AUTOS = YES_AGGRESSIVE;
				GCC_WARN_UNUSED_FUNCTION = YES;
				GCC_WARN_UNUSED_VARIABLE = YES;
				IPHONEOS_DEPLOYMENT_TARGET = 18.2;
				LOCALIZATION_PREFERS_STRING_CATALOGS = YES;
				MTL_ENABLE_DEBUG_INFO = INCLUDE_SOURCE;
				MTL_FAST_MATH = YES;
				ONLY_ACTIVE_ARCH = YES;
				SDKROOT = iphoneos;
				SWIFT_ACTIVE_COMPILATION_CONDITIONS = "DEBUG $(inherited)";
				SWIFT_OPTIMIZATION_LEVEL = "-Onone";
			};
			name = Debug;
		};
		A5ED61A32D99361400A0B4A4 /* Release */ = {
			isa = XCBuildConfiguration;
			buildSettings = {
				ALWAYS_SEARCH_USER_PATHS = NO;
				ASSETCATALOG_COMPILER_GENERATE_SWIFT_ASSET_SYMBOL_EXTENSIONS = YES;
				CLANG_ANALYZER_NONNULL = YES;
				CLANG_ANALYZER_NUMBER_OBJECT_CONVERSION = YES_AGGRESSIVE;
				CLANG_CXX_LANGUAGE_STANDARD = "gnu++20";
				CLANG_ENABLE_MODULES = YES;
				CLANG_ENABLE_OBJC_ARC = YES;
				CLANG_ENABLE_OBJC_WEAK = YES;
				CLANG_WARN_BLOCK_CAPTURE_AUTORELEASING = YES;
				CLANG_WARN_BOOL_CONVERSION = YES;
				CLANG_WARN_COMMA = YES;
				CLANG_WARN_CONSTANT_CONVERSION = YES;
				CLANG_WARN_DEPRECATED_OBJC_IMPLEMENTATIONS = YES;
				CLANG_WARN_DIRECT_OBJC_ISA_USAGE = YES_ERROR;
				CLANG_WARN_DOCUMENTATION_COMMENTS = YES;
				CLANG_WARN_EMPTY_BODY = YES;
				CLANG_WARN_ENUM_CONVERSION = YES;
				CLANG_WARN_INFINITE_RECURSION = YES;
				CLANG_WARN_INT_CONVERSION = YES;
				CLANG_WARN_NON_LITERAL_NULL_CONVERSION = YES;
				CLANG_WARN_OBJC_IMPLICIT_RETAIN_SELF = YES;
				CLANG_WARN_OBJC_LITERAL_CONVERSION = YES;
				CLANG_WARN_OBJC_ROOT_CLASS = YES_ERROR;
				CLANG_WARN_QUOTED_INCLUDE_IN_FRAMEWORK_HEADER = YES;
				CLANG_WARN_RANGE_LOOP_ANALYSIS = YES;
				CLANG_WARN_STRICT_PROTOTYPES = YES;
				CLANG_WARN_SUSPICIOUS_MOVE = YES;
				CLANG_WARN_UNGUARDED_AVAILABILITY = YES_AGGRESSIVE;
				CLANG_WARN_UNREACHABLE_CODE = YES;
				CLANG_WARN__DUPLICATE_METHOD_MATCH = YES;
				COPY_PHASE_STRIP = NO;
				DEBUG_INFORMATION_FORMAT = "dwarf-with-dsym";
				ENABLE_NS_ASSERTIONS = NO;
				ENABLE_STRICT_OBJC_MSGSEND = YES;
				ENABLE_USER_SCRIPT_SANDBOXING = YES;
				GCC_C_LANGUAGE_STANDARD = gnu17;
				GCC_NO_COMMON_BLOCKS = YES;
				GCC_WARN_64_TO_32_BIT_CONVERSION = YES;
				GCC_WARN_ABOUT_RETURN_TYPE = YES_ERROR;
				GCC_WARN_UNDECLARED_SELECTOR = YES;
				GCC_WARN_UNINITIALIZED_AUTOS = YES_AGGRESSIVE;
				GCC_WARN_UNUSED_FUNCTION = YES;
				GCC_WARN_UNUSED_VARIABLE = YES;
				IPHONEOS_DEPLOYMENT_TARGET = 18.2;
				LOCALIZATION_PREFERS_STRING_CATALOGS = YES;
				MTL_ENABLE_DEBUG_INFO = NO;
				MTL_FAST_MATH = YES;
				SDKROOT = iphoneos;
				SWIFT_COMPILATION_MODE = wholemodule;
				VALIDATE_PRODUCT = YES;
			};
			name = Release;
		};
		A5ED61A52D99361400A0B4A4 /* Debug */ = {
			isa = XCBuildConfiguration;
			buildSettings = {
				ASSETCATALOG_COMPILER_APPICON_NAME = AppIcon;
				ASSETCATALOG_COMPILER_GLOBAL_ACCENT_COLOR_NAME = AccentColor;
				CODE_SIGN_ENTITLEMENTS = Doom/Doom.entitlements;
				CODE_SIGN_STYLE = Automatic;
				CURRENT_PROJECT_VERSION = 1;
				DEVELOPMENT_ASSET_PATHS = "\"Doom/Preview Content\"";
				DEVELOPMENT_TEAM = 56X5D49W54;
				ENABLE_PREVIEWS = YES;
				GENERATE_INFOPLIST_FILE = YES;
				INFOPLIST_KEY_UIApplicationSceneManifest_Generation = YES;
				INFOPLIST_KEY_UIApplicationSupportsIndirectInputEvents = YES;
				INFOPLIST_KEY_UILaunchScreen_Generation = YES;
				INFOPLIST_KEY_UISupportedInterfaceOrientations_iPad = "UIInterfaceOrientationPortrait UIInterfaceOrientationPortraitUpsideDown UIInterfaceOrientationLandscapeLeft UIInterfaceOrientationLandscapeRight";
				INFOPLIST_KEY_UISupportedInterfaceOrientations_iPhone = "UIInterfaceOrientationPortrait UIInterfaceOrientationLandscapeLeft UIInterfaceOrientationLandscapeRight";
				LD_RUNPATH_SEARCH_PATHS = (
					"$(inherited)",
					"@executable_path/Frameworks",
				);
				MARKETING_VERSION = 1.0;
				PRODUCT_BUNDLE_IDENTIFIER = com.mohitnnd.Doom;
				PRODUCT_NAME = "$(TARGET_NAME)";
				SWIFT_EMIT_LOC_STRINGS = YES;
				SWIFT_VERSION = 5.0;
				TARGETED_DEVICE_FAMILY = "1,2";
			};
			name = Debug;
		};
		A5ED61A62D99361400A0B4A4 /* Release */ = {
			isa = XCBuildConfiguration;
			buildSettings = {
				ASSETCATALOG_COMPILER_APPICON_NAME = AppIcon;
				ASSETCATALOG_COMPILER_GLOBAL_ACCENT_COLOR_NAME = AccentColor;
				CODE_SIGN_ENTITLEMENTS = Doom/Doom.entitlements;
				CODE_SIGN_STYLE = Automatic;
				CURRENT_PROJECT_VERSION = 1;
				DEVELOPMENT_ASSET_PATHS = "\"Doom/Preview Content\"";
				DEVELOPMENT_TEAM = 56X5D49W54;
				ENABLE_PREVIEWS = YES;
				GENERATE_INFOPLIST_FILE = YES;
				INFOPLIST_KEY_UIApplicationSceneManifest_Generation = YES;
				INFOPLIST_KEY_UIApplicationSupportsIndirectInputEvents = YES;
				INFOPLIST_KEY_UILaunchScreen_Generation = YES;
				INFOPLIST_KEY_UISupportedInterfaceOrientations_iPad = "UIInterfaceOrientationPortrait UIInterfaceOrientationPortraitUpsideDown UIInterfaceOrientationLandscapeLeft UIInterfaceOrientationLandscapeRight";
				INFOPLIST_KEY_UISupportedInterfaceOrientations_iPhone = "UIInterfaceOrientationPortrait UIInterfaceOrientationLandscapeLeft UIInterfaceOrientationLandscapeRight";
				LD_RUNPATH_SEARCH_PATHS = (
					"$(inherited)",
					"@executable_path/Frameworks",
				);
				MARKETING_VERSION = 1.0;
				PRODUCT_BUNDLE_IDENTIFIER = com.mohitnnd.Doom;
				PRODUCT_NAME = "$(TARGET_NAME)";
				SWIFT_EMIT_LOC_STRINGS = YES;
				SWIFT_VERSION = 5.0;
				TARGETED_DEVICE_FAMILY = "1,2";
			};
			name = Release;
		};
		A5ED61A82D99361400A0B4A4 /* Debug */ = {
			isa = XCBuildConfiguration;
			buildSettings = {
				BUNDLE_LOADER = "$(TEST_HOST)";
				CODE_SIGN_STYLE = Automatic;
				CURRENT_PROJECT_VERSION = 1;
				DEVELOPMENT_TEAM = 56X5D49W54;
				GENERATE_INFOPLIST_FILE = YES;
				IPHONEOS_DEPLOYMENT_TARGET = 18.2;
				MARKETING_VERSION = 1.0;
				PRODUCT_BUNDLE_IDENTIFIER = com.mohitnnd.DoomTests;
				PRODUCT_NAME = "$(TARGET_NAME)";
				SWIFT_EMIT_LOC_STRINGS = NO;
				SWIFT_VERSION = 5.0;
				TARGETED_DEVICE_FAMILY = "1,2";
				TEST_HOST = "$(BUILT_PRODUCTS_DIR)/Doom.app/$(BUNDLE_EXECUTABLE_FOLDER_PATH)/Doom";
			};
			name = Debug;
		};
		A5ED61A92D99361400A0B4A4 /* Release */ = {
			isa = XCBuildConfiguration;
			buildSettings = {
				BUNDLE_LOADER = "$(TEST_HOST)";
				CODE_SIGN_STYLE = Automatic;
				CURRENT_PROJECT_VERSION = 1;
				DEVELOPMENT_TEAM = 56X5D49W54;
				GENERATE_INFOPLIST_FILE = YES;
				IPHONEOS_DEPLOYMENT_TARGET = 18.2;
				MARKETING_VERSION = 1.0;
				PRODUCT_BUNDLE_IDENTIFIER = com.mohitnnd.DoomTests;
				PRODUCT_NAME = "$(TARGET_NAME)";
				SWIFT_EMIT_LOC_STRINGS = NO;
				SWIFT_VERSION = 5.0;
				TARGETED_DEVICE_FAMILY = "1,2";
				TEST_HOST = "$(BUILT_PRODUCTS_DIR)/Doom.app/$(BUNDLE_EXECUTABLE_FOLDER_PATH)/Doom";
			};
			name = Release;
		};
		A5ED61AB2D99361400A0B4A4 /* Debug */ = {
			isa = XCBuildConfiguration;
			buildSettings = {
				CODE_SIGN_STYLE = Automatic;
				CURRENT_PROJECT_VERSION = 1;
				DEVELOPMENT_TEAM = 56X5D49W54;
				GENERATE_INFOPLIST_FILE = YES;
				MARKETING_VERSION = 1.0;
				PRODUCT_BUNDLE_IDENTIFIER = com.mohitnnd.DoomUITests;
				PRODUCT_NAME = "$(TARGET_NAME)";
				SWIFT_EMIT_LOC_STRINGS = NO;
				SWIFT_VERSION = 5.0;
				TARGETED_DEVICE_FAMILY = "1,2";
				TEST_TARGET_NAME = Doom;
			};
			name = Debug;
		};
		A5ED61AC2D99361400A0B4A4 /* Release */ = {
			isa = XCBuildConfiguration;
			buildSettings = {
				CODE_SIGN_STYLE = Automatic;
				CURRENT_PROJECT_VERSION = 1;
				DEVELOPMENT_TEAM = 56X5D49W54;
				GENERATE_INFOPLIST_FILE = YES;
				MARKETING_VERSION = 1.0;
				PRODUCT_BUNDLE_IDENTIFIER = com.mohitnnd.DoomUITests;
				PRODUCT_NAME = "$(TARGET_NAME)";
				SWIFT_EMIT_LOC_STRINGS = NO;
				SWIFT_VERSION = 5.0;
				TARGETED_DEVICE_FAMILY = "1,2";
				TEST_TARGET_NAME = Doom;
			};
			name = Release;
		};
		A5ED624A2D9D482F00A0B4A4 /* Debug */ = {
			isa = XCBuildConfiguration;
			buildSettings = {
				CODE_SIGN_ENTITLEMENTS = DoomDeviceActivityReport/DoomDeviceActivityReport.entitlements;
				CODE_SIGN_STYLE = Automatic;
				CURRENT_PROJECT_VERSION = 1;
				DEVELOPMENT_TEAM = 56X5D49W54;
				GENERATE_INFOPLIST_FILE = YES;
				INFOPLIST_FILE = DoomDeviceActivityReport/Info.plist;
				INFOPLIST_KEY_CFBundleDisplayName = DoomDeviceActivityReport;
				INFOPLIST_KEY_NSHumanReadableCopyright = "";
				LD_RUNPATH_SEARCH_PATHS = (
					"$(inherited)",
					"@executable_path/Frameworks",
					"@executable_path/../../Frameworks",
				);
				MARKETING_VERSION = 1.0;
				PRODUCT_BUNDLE_IDENTIFIER = com.mohitnnd.Doom.DoomDeviceActivityReport;
				PRODUCT_NAME = "$(TARGET_NAME)";
				SKIP_INSTALL = YES;
				SWIFT_EMIT_LOC_STRINGS = YES;
				SWIFT_VERSION = 5.0;
				TARGETED_DEVICE_FAMILY = "1,2";
			};
			name = Debug;
		};
		A5ED624B2D9D482F00A0B4A4 /* Release */ = {
			isa = XCBuildConfiguration;
			buildSettings = {
				CODE_SIGN_ENTITLEMENTS = DoomDeviceActivityReport/DoomDeviceActivityReport.entitlements;
				CODE_SIGN_STYLE = Automatic;
				CURRENT_PROJECT_VERSION = 1;
				DEVELOPMENT_TEAM = 56X5D49W54;
				GENERATE_INFOPLIST_FILE = YES;
				INFOPLIST_FILE = DoomDeviceActivityReport/Info.plist;
				INFOPLIST_KEY_CFBundleDisplayName = DoomDeviceActivityReport;
				INFOPLIST_KEY_NSHumanReadableCopyright = "";
				LD_RUNPATH_SEARCH_PATHS = (
					"$(inherited)",
					"@executable_path/Frameworks",
					"@executable_path/../../Frameworks",
				);
				MARKETING_VERSION = 1.0;
				PRODUCT_BUNDLE_IDENTIFIER = com.mohitnnd.Doom.DoomDeviceActivityReport;
				PRODUCT_NAME = "$(TARGET_NAME)";
				SKIP_INSTALL = YES;
				SWIFT_EMIT_LOC_STRINGS = YES;
				SWIFT_VERSION = 5.0;
				TARGETED_DEVICE_FAMILY = "1,2";
			};
			name = Release;
		};
/* End XCBuildConfiguration section */

/* Begin XCConfigurationList section */
		A5ED617B2D99361200A0B4A4 /* Build configuration list for PBXProject "Doom" */ = {
			isa = XCConfigurationList;
			buildConfigurations = (
				A5ED61A22D99361400A0B4A4 /* Debug */,
				A5ED61A32D99361400A0B4A4 /* Release */,
			);
			defaultConfigurationIsVisible = 0;
			defaultConfigurationName = Release;
		};
		A5ED61A42D99361400A0B4A4 /* Build configuration list for PBXNativeTarget "Doom" */ = {
			isa = XCConfigurationList;
			buildConfigurations = (
				A5ED61A52D99361400A0B4A4 /* Debug */,
				A5ED61A62D99361400A0B4A4 /* Release */,
			);
			defaultConfigurationIsVisible = 0;
			defaultConfigurationName = Release;
		};
		A5ED61A72D99361400A0B4A4 /* Build configuration list for PBXNativeTarget "DoomTests" */ = {
			isa = XCConfigurationList;
			buildConfigurations = (
				A5ED61A82D99361400A0B4A4 /* Debug */,
				A5ED61A92D99361400A0B4A4 /* Release */,
			);
			defaultConfigurationIsVisible = 0;
			defaultConfigurationName = Release;
		};
		A5ED61AA2D99361400A0B4A4 /* Build configuration list for PBXNativeTarget "DoomUITests" */ = {
			isa = XCConfigurationList;
			buildConfigurations = (
				A5ED61AB2D99361400A0B4A4 /* Debug */,
				A5ED61AC2D99361400A0B4A4 /* Release */,
			);
			defaultConfigurationIsVisible = 0;
			defaultConfigurationName = Release;
		};
		A5ED62492D9D482F00A0B4A4 /* Build configuration list for PBXNativeTarget "DoomDeviceActivityReport" */ = {
			isa = XCConfigurationList;
			buildConfigurations = (
				A5ED624A2D9D482F00A0B4A4 /* Debug */,
				A5ED624B2D9D482F00A0B4A4 /* Release */,
			);
			defaultConfigurationIsVisible = 0;
			defaultConfigurationName = Release;
		};
/* End XCConfigurationList section */
	};
	rootObject = A5ED61782D99361200A0B4A4 /* Project object */;
}
